
Microsoft Visual Studio Solution File, Format Version 12.00
# Visual Studio 15
VisualStudioVersion = 15.0.28010.2026
MinimumVisualStudioVersion = 10.0.40219.1
Project("{FAE04EC0-301F-11D3-BF4B-00C04F79EFBC}") = "Console CSharp", "Console CSharp\Console CSharp.csproj", "{5F081523-3CDF-45F6-AA6C-72DB45A5B6E7}"
EndProject
Project("{8BC9CEB8-8B4A-11D0-8D11-00A0C91BC942}") = "Console C++", "Console C++\Console C++.vcxproj", "{AD5C2C46-7E78-4E57-A2B7-2F2357DD1D40}"
EndProject
Project("{8BC9CEB8-8B4A-11D0-8D11-00A0C91BC942}") = "WINAPI C", "WINAPI C\WINAPI C.vcxproj", "{29A67081-72BC-4825-9417-7A8D7F67D2F7}"
EndProject
Project("{8BC9CEB8-8B4A-11D0-8D11-00A0C91BC942}") = "Console C", "Console C\Console C.vcxproj", "{92248639-822A-4900-90DF-E85D20C14DC7}"
EndProject
Project("{888888A0-9F3D-457C-B088-3A5042F75D52}") = "Console Python", "Console Python\Console Python.pyproj", "{39DB2851-CDD4-44D0-8BD7-880D7294CAA8}"
EndProject
Global
	GlobalSection(SolutionConfigurationPlatforms) = preSolution
		Debug|Any CPU = Debug|Any CPU
		Debug|x64 = Debug|x64
		Debug|x86 = Debug|x86
		Release|Any CPU = Release|Any CPU
		Release|x64 = Release|x64
		Release|x86 = Release|x86
	EndGlobalSection
	GlobalSection(ProjectConfigurationPlatforms) = postSolution
		{5F081523-3CDF-45F6-AA6C-72DB45A5B6E7}.Debug|Any CPU.ActiveCfg = Debug|Any CPU
		{5F081523-3CDF-45F6-AA6C-72DB45A5B6E7}.Debug|Any CPU.Build.0 = Debug|Any CPU
		{5F081523-3CDF-45F6-AA6C-72DB45A5B6E7}.Debug|x64.ActiveCfg = Debug|Any CPU
		{5F081523-3CDF-45F6-AA6C-72DB45A5B6E7}.Debug|x64.Build.0 = Debug|Any CPU
		{5F081523-3CDF-45F6-AA6C-72DB45A5B6E7}.Debug|x86.ActiveCfg = Debug|Any CPU
		{5F081523-3CDF-45F6-AA6C-72DB45A5B6E7}.Debug|x86.Build.0 = Debug|Any CPU
		{5F081523-3CDF-45F6-AA6C-72DB45A5B6E7}.Release|Any CPU.ActiveCfg = Release|Any CPU
		{5F081523-3CDF-45F6-AA6C-72DB45A5B6E7}.Release|Any CPU.Build.0 = Release|Any CPU
		{5F081523-3CDF-45F6-AA6C-72DB45A5B6E7}.Release|x64.ActiveCfg = Release|Any CPU
		{5F081523-3CDF-45F6-AA6C-72DB45A5B6E7}.Release|x64.Build.0 = Release|Any CPU
		{5F081523-3CDF-45F6-AA6C-72DB45A5B6E7}.Release|x86.ActiveCfg = Release|Any CPU
		{5F081523-3CDF-45F6-AA6C-72DB45A5B6E7}.Release|x86.Build.0 = Release|Any CPU
		{AD5C2C46-7E78-4E57-A2B7-2F2357DD1D40}.Debug|Any CPU.ActiveCfg = Debug|Win32
		{AD5C2C46-7E78-4E57-A2B7-2F2357DD1D40}.Debug|x64.ActiveCfg = Debug|x64
		{AD5C2C46-7E78-4E57-A2B7-2F2357DD1D40}.Debug|x64.Build.0 = Debug|x64
		{AD5C2C46-7E78-4E57-A2B7-2F2357DD1D40}.Debug|x86.ActiveCfg = Debug|Win32
		{AD5C2C46-7E78-4E57-A2B7-2F2357DD1D40}.Debug|x86.Build.0 = Debug|Win32
		{AD5C2C46-7E78-4E57-A2B7-2F2357DD1D40}.Release|Any CPU.ActiveCfg = Release|Win32
		{AD5C2C46-7E78-4E57-A2B7-2F2357DD1D40}.Release|x64.ActiveCfg = Release|x64
		{AD5C2C46-7E78-4E57-A2B7-2F2357DD1D40}.Release|x64.Build.0 = Release|x64
		{AD5C2C46-7E78-4E57-A2B7-2F2357DD1D40}.Release|x86.ActiveCfg = Release|Win32
		{AD5C2C46-7E78-4E57-A2B7-2F2357DD1D40}.Release|x86.Build.0 = Release|Win32
		{29A67081-72BC-4825-9417-7A8D7F67D2F7}.Debug|Any CPU.ActiveCfg = Debug|Win32
		{29A67081-72BC-4825-9417-7A8D7F67D2F7}.Debug|x64.ActiveCfg = Debug|x64
		{29A67081-72BC-4825-9417-7A8D7F67D2F7}.Debug|x64.Build.0 = Debug|x64
		{29A67081-72BC-4825-9417-7A8D7F67D2F7}.Debug|x86.ActiveCfg = Debug|Win32
		{29A67081-72BC-4825-9417-7A8D7F67D2F7}.Debug|x86.Build.0 = Debug|Win32
		{29A67081-72BC-4825-9417-7A8D7F67D2F7}.Release|Any CPU.ActiveCfg = Release|Win32
		{29A67081-72BC-4825-9417-7A8D7F67D2F7}.Release|x64.ActiveCfg = Release|x64
		{29A67081-72BC-4825-9417-7A8D7F67D2F7}.Release|x64.Build.0 = Release|x64
		{29A67081-72BC-4825-9417-7A8D7F67D2F7}.Release|x86.ActiveCfg = Release|Win32
		{29A67081-72BC-4825-9417-7A8D7F67D2F7}.Release|x86.Build.0 = Release|Win32
		{92248639-822A-4900-90DF-E85D20C14DC7}.Debug|Any CPU.ActiveCfg = Debug|Win32
		{92248639-822A-4900-90DF-E85D20C14DC7}.Debug|x64.ActiveCfg = Debug|x64
		{92248639-822A-4900-90DF-E85D20C14DC7}.Debug|x64.Build.0 = Debug|x64
		{92248639-822A-4900-90DF-E85D20C14DC7}.Debug|x86.ActiveCfg = Debug|Win32
		{92248639-822A-4900-90DF-E85D20C14DC7}.Debug|x86.Build.0 = Debug|Win32
		{92248639-822A-4900-90DF-E85D20C14DC7}.Release|Any CPU.ActiveCfg = Release|Win32
		{92248639-822A-4900-90DF-E85D20C14DC7}.Release|x64.ActiveCfg = Release|x64
		{92248639-822A-4900-90DF-E85D20C14DC7}.Release|x64.Build.0 = Release|x64
		{92248639-822A-4900-90DF-E85D20C14DC7}.Release|x86.ActiveCfg = Release|Win32
		{92248639-822A-4900-90DF-E85D20C14DC7}.Release|x86.Build.0 = Release|Win32
		{39DB2851-CDD4-44D0-8BD7-880D7294CAA8}.Debug|Any CPU.ActiveCfg = Debug|Any CPU
		{39DB2851-CDD4-44D0-8BD7-880D7294CAA8}.Debug|x64.ActiveCfg = Debug|Any CPU
		{39DB2851-CDD4-44D0-8BD7-880D7294CAA8}.Debug|x86.ActiveCfg = Debug|Any CPU
		{39DB2851-CDD4-44D0-8BD7-880D7294CAA8}.Release|Any CPU.ActiveCfg = Release|Any CPU
		{39DB2851-CDD4-44D0-8BD7-880D7294CAA8}.Release|x64.ActiveCfg = Release|Any CPU
		{39DB2851-CDD4-44D0-8BD7-880D7294CAA8}.Release|x86.ActiveCfg = Release|Any CPU
	EndGlobalSection
	GlobalSection(SolutionProperties) = preSolution
		HideSolutionNode = FALSE
	EndGlobalSection
	GlobalSection(ExtensibilityGlobals) = postSolution
		SolutionGuid = {0D8DCEF4-B869-4372-AEFA-829D63833D3A}
	EndGlobalSection
EndGlobal
